
Microsoft Visual Studio Solution File, Format Version 12.00
# Visual Studio 15
VisualStudioVersion = 15.0.28307.168
MinimumVisualStudioVersion = 10.0.40219.1
Project("{FAE04EC0-301F-11D3-BF4B-00C04F79EFBC}") = "Venue11.ProductCollection.Service", "Venue11.ProductCollection.Service.csproj", "{94F7AA9D-B5FE-4565-B9FB-EF6E9703DBE1}"
EndProject
Global
	GlobalSection(SolutionConfigurationPlatforms) = preSolution
		Debug|Any CPU = Debug|Any CPU
		Release|Any CPU = Release|Any CPU
	EndGlobalSection
	GlobalSection(ProjectConfigurationPlatforms) = postSolution
		{94F7AA9D-B5FE-4565-B9FB-EF6E9703DBE1}.Debug|Any CPU.ActiveCfg = Debug|Any CPU
		{94F7AA9D-B5FE-4565-B9FB-EF6E9703DBE1}.Debug|Any CPU.Build.0 = Debug|Any CPU
		{94F7AA9D-B5FE-4565-B9FB-EF6E9703DBE1}.Release|Any CPU.ActiveCfg = Release|Any CPU
		{94F7AA9D-B5FE-4565-B9FB-EF6E9703DBE1}.Release|Any CPU.Build.0 = Release|Any CPU
	EndGlobalSection
	GlobalSection(SolutionProperties) = preSolution
		HideSolutionNode = FALSE
	EndGlobalSection
	GlobalSection(ExtensibilityGlobals) = postSolution
		SolutionGuid = {7B79ED05-16FD-46E3-83C4-EBEFAFE642B5}
	EndGlobalSection
EndGlobal
