
Microsoft Visual Studio Solution File, Format Version 12.00
# Visual Studio 15
VisualStudioVersion = 15.0.28307.168
MinimumVisualStudioVersion = 10.0.40219.1
Project("{FAE04EC0-301F-11D3-BF4B-00C04F79EFBC}") = "Venue11.MerchantCollection.Service", "Venue11.MerchantCollection.Service.csproj", "{012019BB-8068-4EEE-A81E-86509AFB5FB6}"
EndProject
Global
	GlobalSection(SolutionConfigurationPlatforms) = preSolution
		Debug|Any CPU = Debug|Any CPU
		Release|Any CPU = Release|Any CPU
	EndGlobalSection
	GlobalSection(ProjectConfigurationPlatforms) = postSolution
		{012019BB-8068-4EEE-A81E-86509AFB5FB6}.Debug|Any CPU.ActiveCfg = Debug|Any CPU
		{012019BB-8068-4EEE-A81E-86509AFB5FB6}.Debug|Any CPU.Build.0 = Debug|Any CPU
		{012019BB-8068-4EEE-A81E-86509AFB5FB6}.Release|Any CPU.ActiveCfg = Release|Any CPU
		{012019BB-8068-4EEE-A81E-86509AFB5FB6}.Release|Any CPU.Build.0 = Release|Any CPU
	EndGlobalSection
	GlobalSection(SolutionProperties) = preSolution
		HideSolutionNode = FALSE
	EndGlobalSection
	GlobalSection(ExtensibilityGlobals) = postSolution
		SolutionGuid = {618AD65B-F9C8-46D6-9ED8-784A92A9004D}
	EndGlobalSection
EndGlobal
